
Microsoft Visual Studio Solution File, Format Version 12.00
# Visual Studio Version 17
VisualStudioVersion = 17.0.31903.59
MinimumVisualStudioVersion = 10.0.40219.1
Project("{2150E333-8FDC-42A3-9474-1A3956D46DE8}") = "src", "src", "{AB3B167C-2D3A-4672-AD22-FC0F42A82DCE}"
EndProject
Project("{FAE04EC0-301F-11D3-BF4B-00C04F79EFBC}") = "GameService", "src\GameService\GameService.csproj", "{EB44C3F7-197D-497F-8FB0-386792BC1B07}"
EndProject
Project("{FAE04EC0-301F-11D3-BF4B-00C04F79EFBC}") = "Contracts", "src\Contracts\Contracts.csproj", "{17741804-B43E-4D21-8A19-58F95461DCC3}"
EndProject
Project("{FAE04EC0-301F-11D3-BF4B-00C04F79EFBC}") = "SearchService", "src\SearchService\SearchService.csproj", "{6DE84BBB-1DA5-47CA-B62A-649A19E2329B}"
EndProject
Project("{FAE04EC0-301F-11D3-BF4B-00C04F79EFBC}") = "FilterService", "src\FilterService\FilterService.csproj", "{67F3E3FC-7EEC-4D13-A754-8C96FE5D4651}"
EndProject
Project("{FAE04EC0-301F-11D3-BF4B-00C04F79EFBC}") = "IdentityService", "src\IdentityService\IdentityService.csproj", "{4CE87110-9E63-4C28-996C-2DDD03B8F7AB}"
EndProject
Project("{FAE04EC0-301F-11D3-BF4B-00C04F79EFBC}") = "BasketService", "src\BasketService\BasketService.csproj", "{4218BD13-574F-4671-B0EB-48B66C438B36}"
EndProject
Project("{FAE04EC0-301F-11D3-BF4B-00C04F79EFBC}") = "OrderService", "src\OrderService\OrderService.csproj", "{D43DA01B-5D20-4205-8705-70AEA4EF59C1}"
EndProject
Project("{FAE04EC0-301F-11D3-BF4B-00C04F79EFBC}") = "DiscountService", "src\DiscountService\DiscountService.csproj", "{40A9175D-38E8-4C2D-92E4-E84E181DF76E}"
EndProject
Global
	GlobalSection(SolutionConfigurationPlatforms) = preSolution
		Debug|Any CPU = Debug|Any CPU
		Release|Any CPU = Release|Any CPU
	EndGlobalSection
	GlobalSection(SolutionProperties) = preSolution
		HideSolutionNode = FALSE
	EndGlobalSection
	GlobalSection(ProjectConfigurationPlatforms) = postSolution
		{EB44C3F7-197D-497F-8FB0-386792BC1B07}.Debug|Any CPU.ActiveCfg = Debug|Any CPU
		{EB44C3F7-197D-497F-8FB0-386792BC1B07}.Debug|Any CPU.Build.0 = Debug|Any CPU
		{EB44C3F7-197D-497F-8FB0-386792BC1B07}.Release|Any CPU.ActiveCfg = Release|Any CPU
		{EB44C3F7-197D-497F-8FB0-386792BC1B07}.Release|Any CPU.Build.0 = Release|Any CPU
		{17741804-B43E-4D21-8A19-58F95461DCC3}.Debug|Any CPU.ActiveCfg = Debug|Any CPU
		{17741804-B43E-4D21-8A19-58F95461DCC3}.Debug|Any CPU.Build.0 = Debug|Any CPU
		{17741804-B43E-4D21-8A19-58F95461DCC3}.Release|Any CPU.ActiveCfg = Release|Any CPU
		{17741804-B43E-4D21-8A19-58F95461DCC3}.Release|Any CPU.Build.0 = Release|Any CPU
		{6DE84BBB-1DA5-47CA-B62A-649A19E2329B}.Debug|Any CPU.ActiveCfg = Debug|Any CPU
		{6DE84BBB-1DA5-47CA-B62A-649A19E2329B}.Debug|Any CPU.Build.0 = Debug|Any CPU
		{6DE84BBB-1DA5-47CA-B62A-649A19E2329B}.Release|Any CPU.ActiveCfg = Release|Any CPU
		{6DE84BBB-1DA5-47CA-B62A-649A19E2329B}.Release|Any CPU.Build.0 = Release|Any CPU
		{67F3E3FC-7EEC-4D13-A754-8C96FE5D4651}.Debug|Any CPU.ActiveCfg = Debug|Any CPU
		{67F3E3FC-7EEC-4D13-A754-8C96FE5D4651}.Debug|Any CPU.Build.0 = Debug|Any CPU
		{67F3E3FC-7EEC-4D13-A754-8C96FE5D4651}.Release|Any CPU.ActiveCfg = Release|Any CPU
		{67F3E3FC-7EEC-4D13-A754-8C96FE5D4651}.Release|Any CPU.Build.0 = Release|Any CPU
		{4CE87110-9E63-4C28-996C-2DDD03B8F7AB}.Debug|Any CPU.ActiveCfg = Debug|Any CPU
		{4CE87110-9E63-4C28-996C-2DDD03B8F7AB}.Debug|Any CPU.Build.0 = Debug|Any CPU
		{4CE87110-9E63-4C28-996C-2DDD03B8F7AB}.Release|Any CPU.ActiveCfg = Release|Any CPU
		{4CE87110-9E63-4C28-996C-2DDD03B8F7AB}.Release|Any CPU.Build.0 = Release|Any CPU
		{4218BD13-574F-4671-B0EB-48B66C438B36}.Debug|Any CPU.ActiveCfg = Debug|Any CPU
		{4218BD13-574F-4671-B0EB-48B66C438B36}.Debug|Any CPU.Build.0 = Debug|Any CPU
		{4218BD13-574F-4671-B0EB-48B66C438B36}.Release|Any CPU.ActiveCfg = Release|Any CPU
		{4218BD13-574F-4671-B0EB-48B66C438B36}.Release|Any CPU.Build.0 = Release|Any CPU
		{D43DA01B-5D20-4205-8705-70AEA4EF59C1}.Debug|Any CPU.ActiveCfg = Debug|Any CPU
		{D43DA01B-5D20-4205-8705-70AEA4EF59C1}.Debug|Any CPU.Build.0 = Debug|Any CPU
		{D43DA01B-5D20-4205-8705-70AEA4EF59C1}.Release|Any CPU.ActiveCfg = Release|Any CPU
		{D43DA01B-5D20-4205-8705-70AEA4EF59C1}.Release|Any CPU.Build.0 = Release|Any CPU
		{40A9175D-38E8-4C2D-92E4-E84E181DF76E}.Debug|Any CPU.ActiveCfg = Debug|Any CPU
		{40A9175D-38E8-4C2D-92E4-E84E181DF76E}.Debug|Any CPU.Build.0 = Debug|Any CPU
		{40A9175D-38E8-4C2D-92E4-E84E181DF76E}.Release|Any CPU.ActiveCfg = Release|Any CPU
		{40A9175D-38E8-4C2D-92E4-E84E181DF76E}.Release|Any CPU.Build.0 = Release|Any CPU
	EndGlobalSection
	GlobalSection(NestedProjects) = preSolution
		{EB44C3F7-197D-497F-8FB0-386792BC1B07} = {AB3B167C-2D3A-4672-AD22-FC0F42A82DCE}
		{17741804-B43E-4D21-8A19-58F95461DCC3} = {AB3B167C-2D3A-4672-AD22-FC0F42A82DCE}
		{6DE84BBB-1DA5-47CA-B62A-649A19E2329B} = {AB3B167C-2D3A-4672-AD22-FC0F42A82DCE}
		{67F3E3FC-7EEC-4D13-A754-8C96FE5D4651} = {AB3B167C-2D3A-4672-AD22-FC0F42A82DCE}
		{4CE87110-9E63-4C28-996C-2DDD03B8F7AB} = {AB3B167C-2D3A-4672-AD22-FC0F42A82DCE}
		{4218BD13-574F-4671-B0EB-48B66C438B36} = {AB3B167C-2D3A-4672-AD22-FC0F42A82DCE}
		{D43DA01B-5D20-4205-8705-70AEA4EF59C1} = {AB3B167C-2D3A-4672-AD22-FC0F42A82DCE}
		{40A9175D-38E8-4C2D-92E4-E84E181DF76E} = {AB3B167C-2D3A-4672-AD22-FC0F42A82DCE}
	EndGlobalSection
EndGlobal
